
Microsoft Visual Studio Solution File, Format Version 12.00
# Visual Studio Version 17
VisualStudioVersion = 17.4.33122.133
MinimumVisualStudioVersion = 10.0.40219.1
Project("{9A19103F-16F7-4668-BE54-9A1E7A4F7556}") = "adventofcode", "adventofcode.csproj", "{0D4BAB00-398B-47EA-B766-5D72354F7411}"
EndProject
Global
	GlobalSection(SolutionConfigurationPlatforms) = preSolution
		Debug|Any CPU = Debug|Any CPU
		Release|Any CPU = Release|Any CPU
	EndGlobalSection
	GlobalSection(ProjectConfigurationPlatforms) = postSolution
		{0D4BAB00-398B-47EA-B766-5D72354F7411}.Debug|Any CPU.ActiveCfg = Debug|Any CPU
		{0D4BAB00-398B-47EA-B766-5D72354F7411}.Debug|Any CPU.Build.0 = Debug|Any CPU
		{0D4BAB00-398B-47EA-B766-5D72354F7411}.Release|Any CPU.ActiveCfg = Release|Any CPU
		{0D4BAB00-398B-47EA-B766-5D72354F7411}.Release|Any CPU.Build.0 = Release|Any CPU
	EndGlobalSection
	GlobalSection(SolutionProperties) = preSolution
		HideSolutionNode = FALSE
	EndGlobalSection
	GlobalSection(ExtensibilityGlobals) = postSolution
		SolutionGuid = {68C5EA16-EA53-4836-8987-43B05D6DA6BB}
	EndGlobalSection
EndGlobal
